
Microsoft Visual Studio Solution File, Format Version 12.00
# Visual Studio 15
VisualStudioVersion = 15.0.27428.2002
MinimumVisualStudioVersion = 10.0.40219.1
Project("{888888A0-9F3D-457C-B088-3A5042F75D52}") = "LMF Match", "LMF Match\LMF Match.pyproj", "{6FD64577-E894-49A0-9693-9A143FF5F775}"
EndProject
Global
	GlobalSection(SolutionConfigurationPlatforms) = preSolution
		Debug|Any CPU = Debug|Any CPU
		Release|Any CPU = Release|Any CPU
	EndGlobalSection
	GlobalSection(ProjectConfigurationPlatforms) = postSolution
		{6FD64577-E894-49A0-9693-9A143FF5F775}.Debug|Any CPU.ActiveCfg = Debug|Any CPU
		{6FD64577-E894-49A0-9693-9A143FF5F775}.Release|Any CPU.ActiveCfg = Release|Any CPU
	EndGlobalSection
	GlobalSection(SolutionProperties) = preSolution
		HideSolutionNode = FALSE
	EndGlobalSection
	GlobalSection(ExtensibilityGlobals) = postSolution
		SolutionGuid = {6BAB6EBC-F721-4A5F-9856-38B872927119}
	EndGlobalSection
EndGlobal
